
Microsoft Visual Studio Solution File, Format Version 12.00
# Visual Studio 15
VisualStudioVersion = 15.0.28307.136
MinimumVisualStudioVersion = 10.0.40219.1
Project("{FAE04EC0-301F-11D3-BF4B-00C04F79EFBC}") = "App1_ControleXF.Android", "App1_ControleXF\App1_ControleXF.Android\App1_ControleXF.Android.csproj", "{952E6CBE-0E97-4719-8461-6D5E8C07E06F}"
EndProject
Project("{FAE04EC0-301F-11D3-BF4B-00C04F79EFBC}") = "App1_ControleXF.iOS", "App1_ControleXF\App1_ControleXF.iOS\App1_ControleXF.iOS.csproj", "{3296E94C-79DE-4C8D-8D6E-A1706A835694}"
EndProject
Project("{FAE04EC0-301F-11D3-BF4B-00C04F79EFBC}") = "App1_ControleXF.UWP", "App1_ControleXF\App1_ControleXF.UWP\App1_ControleXF.UWP.csproj", "{DEA6C28B-57DC-4F24-8425-D7606D631EE3}"
EndProject
Project("{FAE04EC0-301F-11D3-BF4B-00C04F79EFBC}") = "App1_ControleXF", "App1_ControleXF\App1_ControleXF\App1_ControleXF.csproj", "{6359D318-7FAC-48F7-A8D8-EED093470347}"
EndProject
Global
	GlobalSection(SolutionConfigurationPlatforms) = preSolution
		Ad-Hoc|Any CPU = Ad-Hoc|Any CPU
		Ad-Hoc|ARM = Ad-Hoc|ARM
		Ad-Hoc|iPhone = Ad-Hoc|iPhone
		Ad-Hoc|iPhoneSimulator = Ad-Hoc|iPhoneSimulator
		Ad-Hoc|x64 = Ad-Hoc|x64
		Ad-Hoc|x86 = Ad-Hoc|x86
		AppStore|Any CPU = AppStore|Any CPU
		AppStore|ARM = AppStore|ARM
		AppStore|iPhone = AppStore|iPhone
		AppStore|iPhoneSimulator = AppStore|iPhoneSimulator
		AppStore|x64 = AppStore|x64
		AppStore|x86 = AppStore|x86
		Debug|Any CPU = Debug|Any CPU
		Debug|ARM = Debug|ARM
		Debug|iPhone = Debug|iPhone
		Debug|iPhoneSimulator = Debug|iPhoneSimulator
		Debug|x64 = Debug|x64
		Debug|x86 = Debug|x86
		Release|Any CPU = Release|Any CPU
		Release|ARM = Release|ARM
		Release|iPhone = Release|iPhone
		Release|iPhoneSimulator = Release|iPhoneSimulator
		Release|x64 = Release|x64
		Release|x86 = Release|x86
	EndGlobalSection
	GlobalSection(ProjectConfigurationPlatforms) = postSolution
		{952E6CBE-0E97-4719-8461-6D5E8C07E06F}.Ad-Hoc|Any CPU.ActiveCfg = Release|Any CPU
		{952E6CBE-0E97-4719-8461-6D5E8C07E06F}.Ad-Hoc|Any CPU.Build.0 = Release|Any CPU
		{952E6CBE-0E97-4719-8461-6D5E8C07E06F}.Ad-Hoc|Any CPU.Deploy.0 = Release|Any CPU
		{952E6CBE-0E97-4719-8461-6D5E8C07E06F}.Ad-Hoc|ARM.ActiveCfg = Release|Any CPU
		{952E6CBE-0E97-4719-8461-6D5E8C07E06F}.Ad-Hoc|ARM.Build.0 = Release|Any CPU
		{952E6CBE-0E97-4719-8461-6D5E8C07E06F}.Ad-Hoc|ARM.Deploy.0 = Release|Any CPU
		{952E6CBE-0E97-4719-8461-6D5E8C07E06F}.Ad-Hoc|iPhone.ActiveCfg = Release|Any CPU
		{952E6CBE-0E97-4719-8461-6D5E8C07E06F}.Ad-Hoc|iPhone.Build.0 = Release|Any CPU
		{952E6CBE-0E97-4719-8461-6D5E8C07E06F}.Ad-Hoc|iPhone.Deploy.0 = Release|Any CPU
		{952E6CBE-0E97-4719-8461-6D5E8C07E06F}.Ad-Hoc|iPhoneSimulator.ActiveCfg = Release|Any CPU
		{952E6CBE-0E97-4719-8461-6D5E8C07E06F}.Ad-Hoc|iPhoneSimulator.Build.0 = Release|Any CPU
		{952E6CBE-0E97-4719-8461-6D5E8C07E06F}.Ad-Hoc|iPhoneSimulator.Deploy.0 = Release|Any CPU
		{952E6CBE-0E97-4719-8461-6D5E8C07E06F}.Ad-Hoc|x64.ActiveCfg = Release|Any CPU
		{952E6CBE-0E97-4719-8461-6D5E8C07E06F}.Ad-Hoc|x64.Build.0 = Release|Any CPU
		{952E6CBE-0E97-4719-8461-6D5E8C07E06F}.Ad-Hoc|x64.Deploy.0 = Release|Any CPU
		{952E6CBE-0E97-4719-8461-6D5E8C07E06F}.Ad-Hoc|x86.ActiveCfg = Release|Any CPU
		{952E6CBE-0E97-4719-8461-6D5E8C07E06F}.Ad-Hoc|x86.Build.0 = Release|Any CPU
		{952E6CBE-0E97-4719-8461-6D5E8C07E06F}.Ad-Hoc|x86.Deploy.0 = Release|Any CPU
		{952E6CBE-0E97-4719-8461-6D5E8C07E06F}.AppStore|Any CPU.ActiveCfg = Release|Any CPU
		{952E6CBE-0E97-4719-8461-6D5E8C07E06F}.AppStore|Any CPU.Build.0 = Release|Any CPU
		{952E6CBE-0E97-4719-8461-6D5E8C07E06F}.AppStore|Any CPU.Deploy.0 = Release|Any CPU
		{952E6CBE-0E97-4719-8461-6D5E8C07E06F}.AppStore|ARM.ActiveCfg = Release|Any CPU
		{952E6CBE-0E97-4719-8461-6D5E8C07E06F}.AppStore|ARM.Build.0 = Release|Any CPU
		{952E6CBE-0E97-4719-8461-6D5E8C07E06F}.AppStore|ARM.Deploy.0 = Release|Any CPU
		{952E6CBE-0E97-4719-8461-6D5E8C07E06F}.AppStore|iPhone.ActiveCfg = Release|Any CPU
		{952E6CBE-0E97-4719-8461-6D5E8C07E06F}.AppStore|iPhone.Build.0 = Release|Any CPU
		{952E6CBE-0E97-4719-8461-6D5E8C07E06F}.AppStore|iPhone.Deploy.0 = Release|Any CPU
		{952E6CBE-0E97-4719-8461-6D5E8C07E06F}.AppStore|iPhoneSimulator.ActiveCfg = Release|Any CPU
		{952E6CBE-0E97-4719-8461-6D5E8C07E06F}.AppStore|iPhoneSimulator.Build.0 = Release|Any CPU
		{952E6CBE-0E97-4719-8461-6D5E8C07E06F}.AppStore|iPhoneSimulator.Deploy.0 = Release|Any CPU
		{952E6CBE-0E97-4719-8461-6D5E8C07E06F}.AppStore|x64.ActiveCfg = Release|Any CPU
		{952E6CBE-0E97-4719-8461-6D5E8C07E06F}.AppStore|x64.Build.0 = Release|Any CPU
		{952E6CBE-0E97-4719-8461-6D5E8C07E06F}.AppStore|x64.Deploy.0 = Release|Any CPU
		{952E6CBE-0E97-4719-8461-6D5E8C07E06F}.AppStore|x86.ActiveCfg = Release|Any CPU
		{952E6CBE-0E97-4719-8461-6D5E8C07E06F}.AppStore|x86.Build.0 = Release|Any CPU
		{952E6CBE-0E97-4719-8461-6D5E8C07E06F}.AppStore|x86.Deploy.0 = Release|Any CPU
		{952E6CBE-0E97-4719-8461-6D5E8C07E06F}.Debug|Any CPU.ActiveCfg = Debug|Any CPU
		{952E6CBE-0E97-4719-8461-6D5E8C07E06F}.Debug|Any CPU.Build.0 = Debug|Any CPU
		{952E6CBE-0E97-4719-8461-6D5E8C07E06F}.Debug|Any CPU.Deploy.0 = Debug|Any CPU
		{952E6CBE-0E97-4719-8461-6D5E8C07E06F}.Debug|ARM.ActiveCfg = Debug|Any CPU
		{952E6CBE-0E97-4719-8461-6D5E8C07E06F}.Debug|ARM.Build.0 = Debug|Any CPU
		{952E6CBE-0E97-4719-8461-6D5E8C07E06F}.Debug|ARM.Deploy.0 = Debug|Any CPU
		{952E6CBE-0E97-4719-8461-6D5E8C07E06F}.Debug|iPhone.ActiveCfg = Debug|Any CPU
		{952E6CBE-0E97-4719-8461-6D5E8C07E06F}.Debug|iPhone.Build.0 = Debug|Any CPU
		{952E6CBE-0E97-4719-8461-6D5E8C07E06F}.Debug|iPhone.Deploy.0 = Debug|Any CPU
		{952E6CBE-0E97-4719-8461-6D5E8C07E06F}.Debug|iPhoneSimulator.ActiveCfg = Debug|Any CPU
		{952E6CBE-0E97-4719-8461-6D5E8C07E06F}.Debug|iPhoneSimulator.Build.0 = Debug|Any CPU
		{952E6CBE-0E97-4719-8461-6D5E8C07E06F}.Debug|iPhoneSimulator.Deploy.0 = Debug|Any CPU
		{952E6CBE-0E97-4719-8461-6D5E8C07E06F}.Debug|x64.ActiveCfg = Debug|Any CPU
		{952E6CBE-0E97-4719-8461-6D5E8C07E06F}.Debug|x64.Build.0 = Debug|Any CPU
		{952E6CBE-0E97-4719-8461-6D5E8C07E06F}.Debug|x64.Deploy.0 = Debug|Any CPU
		{952E6CBE-0E97-4719-8461-6D5E8C07E06F}.Debug|x86.ActiveCfg = Debug|Any CPU
		{952E6CBE-0E97-4719-8461-6D5E8C07E06F}.Debug|x86.Build.0 = Debug|Any CPU
		{952E6CBE-0E97-4719-8461-6D5E8C07E06F}.Debug|x86.Deploy.0 = Debug|Any CPU
		{952E6CBE-0E97-4719-8461-6D5E8C07E06F}.Release|Any CPU.ActiveCfg = Release|Any CPU
		{952E6CBE-0E97-4719-8461-6D5E8C07E06F}.Release|Any CPU.Build.0 = Release|Any CPU
		{952E6CBE-0E97-4719-8461-6D5E8C07E06F}.Release|Any CPU.Deploy.0 = Release|Any CPU
		{952E6CBE-0E97-4719-8461-6D5E8C07E06F}.Release|ARM.ActiveCfg = Release|Any CPU
		{952E6CBE-0E97-4719-8461-6D5E8C07E06F}.Release|ARM.Build.0 = Release|Any CPU
		{952E6CBE-0E97-4719-8461-6D5E8C07E06F}.Release|ARM.Deploy.0 = Release|Any CPU
		{952E6CBE-0E97-4719-8461-6D5E8C07E06F}.Release|iPhone.ActiveCfg = Release|Any CPU
		{952E6CBE-0E97-4719-8461-6D5E8C07E06F}.Release|iPhone.Build.0 = Release|Any CPU
		{952E6CBE-0E97-4719-8461-6D5E8C07E06F}.Release|iPhone.Deploy.0 = Release|Any CPU
		{952E6CBE-0E97-4719-8461-6D5E8C07E06F}.Release|iPhoneSimulator.ActiveCfg = Release|Any CPU
		{952E6CBE-0E97-4719-8461-6D5E8C07E06F}.Release|iPhoneSimulator.Build.0 = Release|Any CPU
		{952E6CBE-0E97-4719-8461-6D5E8C07E06F}.Release|iPhoneSimulator.Deploy.0 = Release|Any CPU
		{952E6CBE-0E97-4719-8461-6D5E8C07E06F}.Release|x64.ActiveCfg = Release|Any CPU
		{952E6CBE-0E97-4719-8461-6D5E8C07E06F}.Release|x64.Build.0 = Release|Any CPU
		{952E6CBE-0E97-4719-8461-6D5E8C07E06F}.Release|x64.Deploy.0 = Release|Any CPU
		{952E6CBE-0E97-4719-8461-6D5E8C07E06F}.Release|x86.ActiveCfg = Release|Any CPU
		{952E6CBE-0E97-4719-8461-6D5E8C07E06F}.Release|x86.Build.0 = Release|Any CPU
		{952E6CBE-0E97-4719-8461-6D5E8C07E06F}.Release|x86.Deploy.0 = Release|Any CPU
		{3296E94C-79DE-4C8D-8D6E-A1706A835694}.Ad-Hoc|Any CPU.ActiveCfg = Ad-Hoc|iPhone
		{3296E94C-79DE-4C8D-8D6E-A1706A835694}.Ad-Hoc|Any CPU.Build.0 = Ad-Hoc|iPhone
		{3296E94C-79DE-4C8D-8D6E-A1706A835694}.Ad-Hoc|Any CPU.Deploy.0 = Ad-Hoc|iPhone
		{3296E94C-79DE-4C8D-8D6E-A1706A835694}.Ad-Hoc|ARM.ActiveCfg = Ad-Hoc|iPhone
		{3296E94C-79DE-4C8D-8D6E-A1706A835694}.Ad-Hoc|ARM.Build.0 = Ad-Hoc|iPhone
		{3296E94C-79DE-4C8D-8D6E-A1706A835694}.Ad-Hoc|ARM.Deploy.0 = Ad-Hoc|iPhone
		{3296E94C-79DE-4C8D-8D6E-A1706A835694}.Ad-Hoc|iPhone.ActiveCfg = Ad-Hoc|iPhone
		{3296E94C-79DE-4C8D-8D6E-A1706A835694}.Ad-Hoc|iPhone.Build.0 = Ad-Hoc|iPhone
		{3296E94C-79DE-4C8D-8D6E-A1706A835694}.Ad-Hoc|iPhone.Deploy.0 = Ad-Hoc|iPhone
		{3296E94C-79DE-4C8D-8D6E-A1706A835694}.Ad-Hoc|iPhoneSimulator.ActiveCfg = Ad-Hoc|iPhoneSimulator
		{3296E94C-79DE-4C8D-8D6E-A1706A835694}.Ad-Hoc|iPhoneSimulator.Build.0 = Ad-Hoc|iPhoneSimulator
		{3296E94C-79DE-4C8D-8D6E-A1706A835694}.Ad-Hoc|iPhoneSimulator.Deploy.0 = Ad-Hoc|iPhoneSimulator
		{3296E94C-79DE-4C8D-8D6E-A1706A835694}.Ad-Hoc|x64.ActiveCfg = Ad-Hoc|iPhone
		{3296E94C-79DE-4C8D-8D6E-A1706A835694}.Ad-Hoc|x64.Build.0 = Ad-Hoc|iPhone
		{3296E94C-79DE-4C8D-8D6E-A1706A835694}.Ad-Hoc|x64.Deploy.0 = Ad-Hoc|iPhone
		{3296E94C-79DE-4C8D-8D6E-A1706A835694}.Ad-Hoc|x86.ActiveCfg = Ad-Hoc|iPhone
		{3296E94C-79DE-4C8D-8D6E-A1706A835694}.Ad-Hoc|x86.Build.0 = Ad-Hoc|iPhone
		{3296E94C-79DE-4C8D-8D6E-A1706A835694}.Ad-Hoc|x86.Deploy.0 = Ad-Hoc|iPhone
		{3296E94C-79DE-4C8D-8D6E-A1706A835694}.AppStore|Any CPU.ActiveCfg = AppStore|iPhone
		{3296E94C-79DE-4C8D-8D6E-A1706A835694}.AppStore|Any CPU.Build.0 = AppStore|iPhone
		{3296E94C-79DE-4C8D-8D6E-A1706A835694}.AppStore|Any CPU.Deploy.0 = AppStore|iPhone
		{3296E94C-79DE-4C8D-8D6E-A1706A835694}.AppStore|ARM.ActiveCfg = AppStore|iPhone
		{3296E94C-79DE-4C8D-8D6E-A1706A835694}.AppStore|ARM.Build.0 = AppStore|iPhone
		{3296E94C-79DE-4C8D-8D6E-A1706A835694}.AppStore|ARM.Deploy.0 = AppStore|iPhone
		{3296E94C-79DE-4C8D-8D6E-A1706A835694}.AppStore|iPhone.ActiveCfg = AppStore|iPhone
		{3296E94C-79DE-4C8D-8D6E-A1706A835694}.AppStore|iPhone.Build.0 = AppStore|iPhone
		{3296E94C-79DE-4C8D-8D6E-A1706A835694}.AppStore|iPhone.Deploy.0 = AppStore|iPhone
		{3296E94C-79DE-4C8D-8D6E-A1706A835694}.AppStore|iPhoneSimulator.ActiveCfg = AppStore|iPhoneSimulator
		{3296E94C-79DE-4C8D-8D6E-A1706A835694}.AppStore|iPhoneSimulator.Build.0 = AppStore|iPhoneSimulator
		{3296E94C-79DE-4C8D-8D6E-A1706A835694}.AppStore|iPhoneSimulator.Deploy.0 = AppStore|iPhoneSimulator
		{3296E94C-79DE-4C8D-8D6E-A1706A835694}.AppStore|x64.ActiveCfg = AppStore|iPhone
		{3296E94C-79DE-4C8D-8D6E-A1706A835694}.AppStore|x64.Build.0 = AppStore|iPhone
		{3296E94C-79DE-4C8D-8D6E-A1706A835694}.AppStore|x64.Deploy.0 = AppStore|iPhone
		{3296E94C-79DE-4C8D-8D6E-A1706A835694}.AppStore|x86.ActiveCfg = AppStore|iPhone
		{3296E94C-79DE-4C8D-8D6E-A1706A835694}.AppStore|x86.Build.0 = AppStore|iPhone
		{3296E94C-79DE-4C8D-8D6E-A1706A835694}.AppStore|x86.Deploy.0 = AppStore|iPhone
		{3296E94C-79DE-4C8D-8D6E-A1706A835694}.Debug|Any CPU.ActiveCfg = Debug|iPhoneSimulator
		{3296E94C-79DE-4C8D-8D6E-A1706A835694}.Debug|Any CPU.Build.0 = Debug|iPhoneSimulator
		{3296E94C-79DE-4C8D-8D6E-A1706A835694}.Debug|Any CPU.Deploy.0 = Debug|iPhoneSimulator
		{3296E94C-79DE-4C8D-8D6E-A1706A835694}.Debug|ARM.ActiveCfg = Debug|iPhone
		{3296E94C-79DE-4C8D-8D6E-A1706A835694}.Debug|ARM.Build.0 = Debug|iPhone
		{3296E94C-79DE-4C8D-8D6E-A1706A835694}.Debug|ARM.Deploy.0 = Debug|iPhone
		{3296E94C-79DE-4C8D-8D6E-A1706A835694}.Debug|iPhone.ActiveCfg = Debug|iPhone
		{3296E94C-79DE-4C8D-8D6E-A1706A835694}.Debug|iPhone.Build.0 = Debug|iPhone
		{3296E94C-79DE-4C8D-8D6E-A1706A835694}.Debug|iPhone.Deploy.0 = Debug|iPhone
		{3296E94C-79DE-4C8D-8D6E-A1706A835694}.Debug|iPhoneSimulator.ActiveCfg = Debug|iPhoneSimulator
		{3296E94C-79DE-4C8D-8D6E-A1706A835694}.Debug|iPhoneSimulator.Build.0 = Debug|iPhoneSimulator
		{3296E94C-79DE-4C8D-8D6E-A1706A835694}.Debug|iPhoneSimulator.Deploy.0 = Debug|iPhoneSimulator
		{3296E94C-79DE-4C8D-8D6E-A1706A835694}.Debug|x64.ActiveCfg = Debug|iPhone
		{3296E94C-79DE-4C8D-8D6E-A1706A835694}.Debug|x64.Build.0 = Debug|iPhone
		{3296E94C-79DE-4C8D-8D6E-A1706A835694}.Debug|x64.Deploy.0 = Debug|iPhone
		{3296E94C-79DE-4C8D-8D6E-A1706A835694}.Debug|x86.ActiveCfg = Debug|iPhone
		{3296E94C-79DE-4C8D-8D6E-A1706A835694}.Debug|x86.Build.0 = Debug|iPhone
		{3296E94C-79DE-4C8D-8D6E-A1706A835694}.Debug|x86.Deploy.0 = Debug|iPhone
		{3296E94C-79DE-4C8D-8D6E-A1706A835694}.Release|Any CPU.ActiveCfg = Release|iPhone
		{3296E94C-79DE-4C8D-8D6E-A1706A835694}.Release|Any CPU.Build.0 = Release|iPhone
		{3296E94C-79DE-4C8D-8D6E-A1706A835694}.Release|Any CPU.Deploy.0 = Release|iPhone
		{3296E94C-79DE-4C8D-8D6E-A1706A835694}.Release|ARM.ActiveCfg = Release|iPhone
		{3296E94C-79DE-4C8D-8D6E-A1706A835694}.Release|ARM.Build.0 = Release|iPhone
		{3296E94C-79DE-4C8D-8D6E-A1706A835694}.Release|ARM.Deploy.0 = Release|iPhone
		{3296E94C-79DE-4C8D-8D6E-A1706A835694}.Release|iPhone.ActiveCfg = Release|iPhone
		{3296E94C-79DE-4C8D-8D6E-A1706A835694}.Release|iPhone.Build.0 = Release|iPhone
		{3296E94C-79DE-4C8D-8D6E-A1706A835694}.Release|iPhone.Deploy.0 = Release|iPhone
		{3296E94C-79DE-4C8D-8D6E-A1706A835694}.Release|iPhoneSimulator.ActiveCfg = Release|iPhoneSimulator
		{3296E94C-79DE-4C8D-8D6E-A1706A835694}.Release|iPhoneSimulator.Build.0 = Release|iPhoneSimulator
		{3296E94C-79DE-4C8D-8D6E-A1706A835694}.Release|iPhoneSimulator.Deploy.0 = Release|iPhoneSimulator
		{3296E94C-79DE-4C8D-8D6E-A1706A835694}.Release|x64.ActiveCfg = Release|iPhone
		{3296E94C-79DE-4C8D-8D6E-A1706A835694}.Release|x64.Build.0 = Release|iPhone
		{3296E94C-79DE-4C8D-8D6E-A1706A835694}.Release|x64.Deploy.0 = Release|iPhone
		{3296E94C-79DE-4C8D-8D6E-A1706A835694}.Release|x86.ActiveCfg = Release|iPhone
		{3296E94C-79DE-4C8D-8D6E-A1706A835694}.Release|x86.Build.0 = Release|iPhone
		{3296E94C-79DE-4C8D-8D6E-A1706A835694}.Release|x86.Deploy.0 = Release|iPhone
		{DEA6C28B-57DC-4F24-8425-D7606D631EE3}.Ad-Hoc|Any CPU.ActiveCfg = Release|x86
		{DEA6C28B-57DC-4F24-8425-D7606D631EE3}.Ad-Hoc|Any CPU.Build.0 = Release|x86
		{DEA6C28B-57DC-4F24-8425-D7606D631EE3}.Ad-Hoc|Any CPU.Deploy.0 = Release|x86
		{DEA6C28B-57DC-4F24-8425-D7606D631EE3}.Ad-Hoc|ARM.ActiveCfg = Release|ARM
		{DEA6C28B-57DC-4F24-8425-D7606D631EE3}.Ad-Hoc|ARM.Build.0 = Release|ARM
		{DEA6C28B-57DC-4F24-8425-D7606D631EE3}.Ad-Hoc|ARM.Deploy.0 = Release|ARM
		{DEA6C28B-57DC-4F24-8425-D7606D631EE3}.Ad-Hoc|iPhone.ActiveCfg = Release|x86
		{DEA6C28B-57DC-4F24-8425-D7606D631EE3}.Ad-Hoc|iPhone.Build.0 = Release|x86
		{DEA6C28B-57DC-4F24-8425-D7606D631EE3}.Ad-Hoc|iPhone.Deploy.0 = Release|x86
		{DEA6C28B-57DC-4F24-8425-D7606D631EE3}.Ad-Hoc|iPhoneSimulator.ActiveCfg = Release|x86
		{DEA6C28B-57DC-4F24-8425-D7606D631EE3}.Ad-Hoc|iPhoneSimulator.Build.0 = Release|x86
		{DEA6C28B-57DC-4F24-8425-D7606D631EE3}.Ad-Hoc|iPhoneSimulator.Deploy.0 = Release|x86
		{DEA6C28B-57DC-4F24-8425-D7606D631EE3}.Ad-Hoc|x64.ActiveCfg = Release|x64
		{DEA6C28B-57DC-4F24-8425-D7606D631EE3}.Ad-Hoc|x64.Build.0 = Release|x64
		{DEA6C28B-57DC-4F24-8425-D7606D631EE3}.Ad-Hoc|x64.Deploy.0 = Release|x64
		{DEA6C28B-57DC-4F24-8425-D7606D631EE3}.Ad-Hoc|x86.ActiveCfg = Release|x86
		{DEA6C28B-57DC-4F24-8425-D7606D631EE3}.Ad-Hoc|x86.Build.0 = Release|x86
		{DEA6C28B-57DC-4F24-8425-D7606D631EE3}.Ad-Hoc|x86.Deploy.0 = Release|x86
		{DEA6C28B-57DC-4F24-8425-D7606D631EE3}.AppStore|Any CPU.ActiveCfg = Release|x86
		{DEA6C28B-57DC-4F24-8425-D7606D631EE3}.AppStore|Any CPU.Build.0 = Release|x86
		{DEA6C28B-57DC-4F24-8425-D7606D631EE3}.AppStore|Any CPU.Deploy.0 = Release|x86
		{DEA6C28B-57DC-4F24-8425-D7606D631EE3}.AppStore|ARM.ActiveCfg = Release|ARM
		{DEA6C28B-57DC-4F24-8425-D7606D631EE3}.AppStore|ARM.Build.0 = Release|ARM
		{DEA6C28B-57DC-4F24-8425-D7606D631EE3}.AppStore|ARM.Deploy.0 = Release|ARM
		{DEA6C28B-57DC-4F24-8425-D7606D631EE3}.AppStore|iPhone.ActiveCfg = Release|x86
		{DEA6C28B-57DC-4F24-8425-D7606D631EE3}.AppStore|iPhone.Build.0 = Release|x86
		{DEA6C28B-57DC-4F24-8425-D7606D631EE3}.AppStore|iPhone.Deploy.0 = Release|x86
		{DEA6C28B-57DC-4F24-8425-D7606D631EE3}.AppStore|iPhoneSimulator.ActiveCfg = Release|x86
		{DEA6C28B-57DC-4F24-8425-D7606D631EE3}.AppStore|iPhoneSimulator.Build.0 = Release|x86
		{DEA6C28B-57DC-4F24-8425-D7606D631EE3}.AppStore|iPhoneSimulator.Deploy.0 = Release|x86
		{DEA6C28B-57DC-4F24-8425-D7606D631EE3}.AppStore|x64.ActiveCfg = Release|x64
		{DEA6C28B-57DC-4F24-8425-D7606D631EE3}.AppStore|x64.Build.0 = Release|x64
		{DEA6C28B-57DC-4F24-8425-D7606D631EE3}.AppStore|x64.Deploy.0 = Release|x64
		{DEA6C28B-57DC-4F24-8425-D7606D631EE3}.AppStore|x86.ActiveCfg = Release|x86
		{DEA6C28B-57DC-4F24-8425-D7606D631EE3}.AppStore|x86.Build.0 = Release|x86
		{DEA6C28B-57DC-4F24-8425-D7606D631EE3}.AppStore|x86.Deploy.0 = Release|x86
		{DEA6C28B-57DC-4F24-8425-D7606D631EE3}.Debug|Any CPU.ActiveCfg = Debug|x86
		{DEA6C28B-57DC-4F24-8425-D7606D631EE3}.Debug|Any CPU.Build.0 = Debug|x86
		{DEA6C28B-57DC-4F24-8425-D7606D631EE3}.Debug|Any CPU.Deploy.0 = Debug|x86
		{DEA6C28B-57DC-4F24-8425-D7606D631EE3}.Debug|ARM.ActiveCfg = Debug|ARM
		{DEA6C28B-57DC-4F24-8425-D7606D631EE3}.Debug|ARM.Build.0 = Debug|ARM
		{DEA6C28B-57DC-4F24-8425-D7606D631EE3}.Debug|ARM.Deploy.0 = Debug|ARM
		{DEA6C28B-57DC-4F24-8425-D7606D631EE3}.Debug|iPhone.ActiveCfg = Debug|x86
		{DEA6C28B-57DC-4F24-8425-D7606D631EE3}.Debug|iPhone.Build.0 = Debug|x86
		{DEA6C28B-57DC-4F24-8425-D7606D631EE3}.Debug|iPhone.Deploy.0 = Debug|x86
		{DEA6C28B-57DC-4F24-8425-D7606D631EE3}.Debug|iPhoneSimulator.ActiveCfg = Debug|x86
		{DEA6C28B-57DC-4F24-8425-D7606D631EE3}.Debug|iPhoneSimulator.Build.0 = Debug|x86
		{DEA6C28B-57DC-4F24-8425-D7606D631EE3}.Debug|iPhoneSimulator.Deploy.0 = Debug|x86
		{DEA6C28B-57DC-4F24-8425-D7606D631EE3}.Debug|x64.ActiveCfg = Debug|x64
		{DEA6C28B-57DC-4F24-8425-D7606D631EE3}.Debug|x64.Build.0 = Debug|x64
		{DEA6C28B-57DC-4F24-8425-D7606D631EE3}.Debug|x64.Deploy.0 = Debug|x64
		{DEA6C28B-57DC-4F24-8425-D7606D631EE3}.Debug|x86.ActiveCfg = Debug|x86
		{DEA6C28B-57DC-4F24-8425-D7606D631EE3}.Debug|x86.Build.0 = Debug|x86
		{DEA6C28B-57DC-4F24-8425-D7606D631EE3}.Debug|x86.Deploy.0 = Debug|x86
		{DEA6C28B-57DC-4F24-8425-D7606D631EE3}.Release|Any CPU.ActiveCfg = Release|x86
		{DEA6C28B-57DC-4F24-8425-D7606D631EE3}.Release|Any CPU.Build.0 = Release|x86
		{DEA6C28B-57DC-4F24-8425-D7606D631EE3}.Release|Any CPU.Deploy.0 = Release|x86
		{DEA6C28B-57DC-4F24-8425-D7606D631EE3}.Release|ARM.ActiveCfg = Release|ARM
		{DEA6C28B-57DC-4F24-8425-D7606D631EE3}.Release|ARM.Build.0 = Release|ARM
		{DEA6C28B-57DC-4F24-8425-D7606D631EE3}.Release|ARM.Deploy.0 = Release|ARM
		{DEA6C28B-57DC-4F24-8425-D7606D631EE3}.Release|iPhone.ActiveCfg = Release|x86
		{DEA6C28B-57DC-4F24-8425-D7606D631EE3}.Release|iPhone.Build.0 = Release|x86
		{DEA6C28B-57DC-4F24-8425-D7606D631EE3}.Release|iPhone.Deploy.0 = Release|x86
		{DEA6C28B-57DC-4F24-8425-D7606D631EE3}.Release|iPhoneSimulator.ActiveCfg = Release|x86
		{DEA6C28B-57DC-4F24-8425-D7606D631EE3}.Release|iPhoneSimulator.Build.0 = Release|x86
		{DEA6C28B-57DC-4F24-8425-D7606D631EE3}.Release|iPhoneSimulator.Deploy.0 = Release|x86
		{DEA6C28B-57DC-4F24-8425-D7606D631EE3}.Release|x64.ActiveCfg = Release|x64
		{DEA6C28B-57DC-4F24-8425-D7606D631EE3}.Release|x64.Build.0 = Release|x64
		{DEA6C28B-57DC-4F24-8425-D7606D631EE3}.Release|x64.Deploy.0 = Release|x64
		{DEA6C28B-57DC-4F24-8425-D7606D631EE3}.Release|x86.ActiveCfg = Release|x86
		{DEA6C28B-57DC-4F24-8425-D7606D631EE3}.Release|x86.Build.0 = Release|x86
		{DEA6C28B-57DC-4F24-8425-D7606D631EE3}.Release|x86.Deploy.0 = Release|x86
		{6359D318-7FAC-48F7-A8D8-EED093470347}.Ad-Hoc|Any CPU.ActiveCfg = Debug|Any CPU
		{6359D318-7FAC-48F7-A8D8-EED093470347}.Ad-Hoc|Any CPU.Build.0 = Debug|Any CPU
		{6359D318-7FAC-48F7-A8D8-EED093470347}.Ad-Hoc|Any CPU.Deploy.0 = Debug|Any CPU
		{6359D318-7FAC-48F7-A8D8-EED093470347}.Ad-Hoc|ARM.ActiveCfg = Debug|Any CPU
		{6359D318-7FAC-48F7-A8D8-EED093470347}.Ad-Hoc|ARM.Build.0 = Debug|Any CPU
		{6359D318-7FAC-48F7-A8D8-EED093470347}.Ad-Hoc|ARM.Deploy.0 = Debug|Any CPU
		{6359D318-7FAC-48F7-A8D8-EED093470347}.Ad-Hoc|iPhone.ActiveCfg = Debug|Any CPU
		{6359D318-7FAC-48F7-A8D8-EED093470347}.Ad-Hoc|iPhone.Build.0 = Debug|Any CPU
		{6359D318-7FAC-48F7-A8D8-EED093470347}.Ad-Hoc|iPhone.Deploy.0 = Debug|Any CPU
		{6359D318-7FAC-48F7-A8D8-EED093470347}.Ad-Hoc|iPhoneSimulator.ActiveCfg = Debug|Any CPU
		{6359D318-7FAC-48F7-A8D8-EED093470347}.Ad-Hoc|iPhoneSimulator.Build.0 = Debug|Any CPU
		{6359D318-7FAC-48F7-A8D8-EED093470347}.Ad-Hoc|iPhoneSimulator.Deploy.0 = Debug|Any CPU
		{6359D318-7FAC-48F7-A8D8-EED093470347}.Ad-Hoc|x64.ActiveCfg = Debug|Any CPU
		{6359D318-7FAC-48F7-A8D8-EED093470347}.Ad-Hoc|x64.Build.0 = Debug|Any CPU
		{6359D318-7FAC-48F7-A8D8-EED093470347}.Ad-Hoc|x64.Deploy.0 = Debug|Any CPU
		{6359D318-7FAC-48F7-A8D8-EED093470347}.Ad-Hoc|x86.ActiveCfg = Debug|Any CPU
		{6359D318-7FAC-48F7-A8D8-EED093470347}.Ad-Hoc|x86.Build.0 = Debug|Any CPU
		{6359D318-7FAC-48F7-A8D8-EED093470347}.Ad-Hoc|x86.Deploy.0 = Debug|Any CPU
		{6359D318-7FAC-48F7-A8D8-EED093470347}.AppStore|Any CPU.ActiveCfg = Debug|Any CPU
		{6359D318-7FAC-48F7-A8D8-EED093470347}.AppStore|Any CPU.Build.0 = Debug|Any CPU
		{6359D318-7FAC-48F7-A8D8-EED093470347}.AppStore|Any CPU.Deploy.0 = Debug|Any CPU
		{6359D318-7FAC-48F7-A8D8-EED093470347}.AppStore|ARM.ActiveCfg = Debug|Any CPU
		{6359D318-7FAC-48F7-A8D8-EED093470347}.AppStore|ARM.Build.0 = Debug|Any CPU
		{6359D318-7FAC-48F7-A8D8-EED093470347}.AppStore|ARM.Deploy.0 = Debug|Any CPU
		{6359D318-7FAC-48F7-A8D8-EED093470347}.AppStore|iPhone.ActiveCfg = Debug|Any CPU
		{6359D318-7FAC-48F7-A8D8-EED093470347}.AppStore|iPhone.Build.0 = Debug|Any CPU
		{6359D318-7FAC-48F7-A8D8-EED093470347}.AppStore|iPhone.Deploy.0 = Debug|Any CPU
		{6359D318-7FAC-48F7-A8D8-EED093470347}.AppStore|iPhoneSimulator.ActiveCfg = Debug|Any CPU
		{6359D318-7FAC-48F7-A8D8-EED093470347}.AppStore|iPhoneSimulator.Build.0 = Debug|Any CPU
		{6359D318-7FAC-48F7-A8D8-EED093470347}.AppStore|iPhoneSimulator.Deploy.0 = Debug|Any CPU
		{6359D318-7FAC-48F7-A8D8-EED093470347}.AppStore|x64.ActiveCfg = Debug|Any CPU
		{6359D318-7FAC-48F7-A8D8-EED093470347}.AppStore|x64.Build.0 = Debug|Any CPU
		{6359D318-7FAC-48F7-A8D8-EED093470347}.AppStore|x64.Deploy.0 = Debug|Any CPU
		{6359D318-7FAC-48F7-A8D8-EED093470347}.AppStore|x86.ActiveCfg = Debug|Any CPU
		{6359D318-7FAC-48F7-A8D8-EED093470347}.AppStore|x86.Build.0 = Debug|Any CPU
		{6359D318-7FAC-48F7-A8D8-EED093470347}.AppStore|x86.Deploy.0 = Debug|Any CPU
		{6359D318-7FAC-48F7-A8D8-EED093470347}.Debug|Any CPU.ActiveCfg = Debug|Any CPU
		{6359D318-7FAC-48F7-A8D8-EED093470347}.Debug|Any CPU.Build.0 = Debug|Any CPU
		{6359D318-7FAC-48F7-A8D8-EED093470347}.Debug|Any CPU.Deploy.0 = Debug|Any CPU
		{6359D318-7FAC-48F7-A8D8-EED093470347}.Debug|ARM.ActiveCfg = Debug|Any CPU
		{6359D318-7FAC-48F7-A8D8-EED093470347}.Debug|ARM.Build.0 = Debug|Any CPU
		{6359D318-7FAC-48F7-A8D8-EED093470347}.Debug|ARM.Deploy.0 = Debug|Any CPU
		{6359D318-7FAC-48F7-A8D8-EED093470347}.Debug|iPhone.ActiveCfg = Debug|Any CPU
		{6359D318-7FAC-48F7-A8D8-EED093470347}.Debug|iPhone.Build.0 = Debug|Any CPU
		{6359D318-7FAC-48F7-A8D8-EED093470347}.Debug|iPhone.Deploy.0 = Debug|Any CPU
		{6359D318-7FAC-48F7-A8D8-EED093470347}.Debug|iPhoneSimulator.ActiveCfg = Debug|Any CPU
		{6359D318-7FAC-48F7-A8D8-EED093470347}.Debug|iPhoneSimulator.Build.0 = Debug|Any CPU
		{6359D318-7FAC-48F7-A8D8-EED093470347}.Debug|iPhoneSimulator.Deploy.0 = Debug|Any CPU
		{6359D318-7FAC-48F7-A8D8-EED093470347}.Debug|x64.ActiveCfg = Debug|Any CPU
		{6359D318-7FAC-48F7-A8D8-EED093470347}.Debug|x64.Build.0 = Debug|Any CPU
		{6359D318-7FAC-48F7-A8D8-EED093470347}.Debug|x64.Deploy.0 = Debug|Any CPU
		{6359D318-7FAC-48F7-A8D8-EED093470347}.Debug|x86.ActiveCfg = Debug|Any CPU
		{6359D318-7FAC-48F7-A8D8-EED093470347}.Debug|x86.Build.0 = Debug|Any CPU
		{6359D318-7FAC-48F7-A8D8-EED093470347}.Debug|x86.Deploy.0 = Debug|Any CPU
		{6359D318-7FAC-48F7-A8D8-EED093470347}.Release|Any CPU.ActiveCfg = Release|Any CPU
		{6359D318-7FAC-48F7-A8D8-EED093470347}.Release|Any CPU.Build.0 = Release|Any CPU
		{6359D318-7FAC-48F7-A8D8-EED093470347}.Release|Any CPU.Deploy.0 = Release|Any CPU
		{6359D318-7FAC-48F7-A8D8-EED093470347}.Release|ARM.ActiveCfg = Release|Any CPU
		{6359D318-7FAC-48F7-A8D8-EED093470347}.Release|ARM.Build.0 = Release|Any CPU
		{6359D318-7FAC-48F7-A8D8-EED093470347}.Release|ARM.Deploy.0 = Release|Any CPU
		{6359D318-7FAC-48F7-A8D8-EED093470347}.Release|iPhone.ActiveCfg = Release|Any CPU
		{6359D318-7FAC-48F7-A8D8-EED093470347}.Release|iPhone.Build.0 = Release|Any CPU
		{6359D318-7FAC-48F7-A8D8-EED093470347}.Release|iPhone.Deploy.0 = Release|Any CPU
		{6359D318-7FAC-48F7-A8D8-EED093470347}.Release|iPhoneSimulator.ActiveCfg = Release|Any CPU
		{6359D318-7FAC-48F7-A8D8-EED093470347}.Release|iPhoneSimulator.Build.0 = Release|Any CPU
		{6359D318-7FAC-48F7-A8D8-EED093470347}.Release|iPhoneSimulator.Deploy.0 = Release|Any CPU
		{6359D318-7FAC-48F7-A8D8-EED093470347}.Release|x64.ActiveCfg = Release|Any CPU
		{6359D318-7FAC-48F7-A8D8-EED093470347}.Release|x64.Build.0 = Release|Any CPU
		{6359D318-7FAC-48F7-A8D8-EED093470347}.Release|x64.Deploy.0 = Release|Any CPU
		{6359D318-7FAC-48F7-A8D8-EED093470347}.Release|x86.ActiveCfg = Release|Any CPU
		{6359D318-7FAC-48F7-A8D8-EED093470347}.Release|x86.Build.0 = Release|Any CPU
		{6359D318-7FAC-48F7-A8D8-EED093470347}.Release|x86.Deploy.0 = Release|Any CPU
	EndGlobalSection
	GlobalSection(SolutionProperties) = preSolution
		HideSolutionNode = FALSE
	EndGlobalSection
	GlobalSection(ExtensibilityGlobals) = postSolution
		SolutionGuid = {CC82F687-BD72-49A6-8C0E-EC7A53407FE2}
	EndGlobalSection
EndGlobal
