
Microsoft Visual Studio Solution File, Format Version 12.00
# Visual Studio 15
VisualStudioVersion = 15.0.28307.106
MinimumVisualStudioVersion = 10.0.40219.1
Project("{FAE04EC0-301F-11D3-BF4B-00C04F79EFBC}") = "App1_LayoutXF.Android", "App1_LayoutXF\App1_LayoutXF.Android\App1_LayoutXF.Android.csproj", "{8295D8AD-22C2-4223-A851-8CA20094C06B}"
EndProject
Project("{FAE04EC0-301F-11D3-BF4B-00C04F79EFBC}") = "App1_LayoutXF.iOS", "App1_LayoutXF\App1_LayoutXF.iOS\App1_LayoutXF.iOS.csproj", "{76DCDC2B-DD58-4D91-83A5-F61A71A06231}"
EndProject
Project("{FAE04EC0-301F-11D3-BF4B-00C04F79EFBC}") = "App1_LayoutXF.UWP", "App1_LayoutXF\App1_LayoutXF.UWP\App1_LayoutXF.UWP.csproj", "{BC831F65-5079-4E01-A6E9-A0C55ADD6870}"
EndProject
Project("{FAE04EC0-301F-11D3-BF4B-00C04F79EFBC}") = "App1_LayoutXF", "App1_LayoutXF\App1_LayoutXF\App1_LayoutXF.csproj", "{C0704528-A711-4B63-B264-3C1E999D9978}"
EndProject
Global
	GlobalSection(SolutionConfigurationPlatforms) = preSolution
		Ad-Hoc|Any CPU = Ad-Hoc|Any CPU
		Ad-Hoc|ARM = Ad-Hoc|ARM
		Ad-Hoc|iPhone = Ad-Hoc|iPhone
		Ad-Hoc|iPhoneSimulator = Ad-Hoc|iPhoneSimulator
		Ad-Hoc|x64 = Ad-Hoc|x64
		Ad-Hoc|x86 = Ad-Hoc|x86
		AppStore|Any CPU = AppStore|Any CPU
		AppStore|ARM = AppStore|ARM
		AppStore|iPhone = AppStore|iPhone
		AppStore|iPhoneSimulator = AppStore|iPhoneSimulator
		AppStore|x64 = AppStore|x64
		AppStore|x86 = AppStore|x86
		Debug|Any CPU = Debug|Any CPU
		Debug|ARM = Debug|ARM
		Debug|iPhone = Debug|iPhone
		Debug|iPhoneSimulator = Debug|iPhoneSimulator
		Debug|x64 = Debug|x64
		Debug|x86 = Debug|x86
		Release|Any CPU = Release|Any CPU
		Release|ARM = Release|ARM
		Release|iPhone = Release|iPhone
		Release|iPhoneSimulator = Release|iPhoneSimulator
		Release|x64 = Release|x64
		Release|x86 = Release|x86
	EndGlobalSection
	GlobalSection(ProjectConfigurationPlatforms) = postSolution
		{8295D8AD-22C2-4223-A851-8CA20094C06B}.Ad-Hoc|Any CPU.ActiveCfg = Release|Any CPU
		{8295D8AD-22C2-4223-A851-8CA20094C06B}.Ad-Hoc|Any CPU.Build.0 = Release|Any CPU
		{8295D8AD-22C2-4223-A851-8CA20094C06B}.Ad-Hoc|Any CPU.Deploy.0 = Release|Any CPU
		{8295D8AD-22C2-4223-A851-8CA20094C06B}.Ad-Hoc|ARM.ActiveCfg = Release|Any CPU
		{8295D8AD-22C2-4223-A851-8CA20094C06B}.Ad-Hoc|ARM.Build.0 = Release|Any CPU
		{8295D8AD-22C2-4223-A851-8CA20094C06B}.Ad-Hoc|ARM.Deploy.0 = Release|Any CPU
		{8295D8AD-22C2-4223-A851-8CA20094C06B}.Ad-Hoc|iPhone.ActiveCfg = Release|Any CPU
		{8295D8AD-22C2-4223-A851-8CA20094C06B}.Ad-Hoc|iPhone.Build.0 = Release|Any CPU
		{8295D8AD-22C2-4223-A851-8CA20094C06B}.Ad-Hoc|iPhone.Deploy.0 = Release|Any CPU
		{8295D8AD-22C2-4223-A851-8CA20094C06B}.Ad-Hoc|iPhoneSimulator.ActiveCfg = Release|Any CPU
		{8295D8AD-22C2-4223-A851-8CA20094C06B}.Ad-Hoc|iPhoneSimulator.Build.0 = Release|Any CPU
		{8295D8AD-22C2-4223-A851-8CA20094C06B}.Ad-Hoc|iPhoneSimulator.Deploy.0 = Release|Any CPU
		{8295D8AD-22C2-4223-A851-8CA20094C06B}.Ad-Hoc|x64.ActiveCfg = Release|Any CPU
		{8295D8AD-22C2-4223-A851-8CA20094C06B}.Ad-Hoc|x64.Build.0 = Release|Any CPU
		{8295D8AD-22C2-4223-A851-8CA20094C06B}.Ad-Hoc|x64.Deploy.0 = Release|Any CPU
		{8295D8AD-22C2-4223-A851-8CA20094C06B}.Ad-Hoc|x86.ActiveCfg = Release|Any CPU
		{8295D8AD-22C2-4223-A851-8CA20094C06B}.Ad-Hoc|x86.Build.0 = Release|Any CPU
		{8295D8AD-22C2-4223-A851-8CA20094C06B}.Ad-Hoc|x86.Deploy.0 = Release|Any CPU
		{8295D8AD-22C2-4223-A851-8CA20094C06B}.AppStore|Any CPU.ActiveCfg = Release|Any CPU
		{8295D8AD-22C2-4223-A851-8CA20094C06B}.AppStore|Any CPU.Build.0 = Release|Any CPU
		{8295D8AD-22C2-4223-A851-8CA20094C06B}.AppStore|Any CPU.Deploy.0 = Release|Any CPU
		{8295D8AD-22C2-4223-A851-8CA20094C06B}.AppStore|ARM.ActiveCfg = Release|Any CPU
		{8295D8AD-22C2-4223-A851-8CA20094C06B}.AppStore|ARM.Build.0 = Release|Any CPU
		{8295D8AD-22C2-4223-A851-8CA20094C06B}.AppStore|ARM.Deploy.0 = Release|Any CPU
		{8295D8AD-22C2-4223-A851-8CA20094C06B}.AppStore|iPhone.ActiveCfg = Release|Any CPU
		{8295D8AD-22C2-4223-A851-8CA20094C06B}.AppStore|iPhone.Build.0 = Release|Any CPU
		{8295D8AD-22C2-4223-A851-8CA20094C06B}.AppStore|iPhone.Deploy.0 = Release|Any CPU
		{8295D8AD-22C2-4223-A851-8CA20094C06B}.AppStore|iPhoneSimulator.ActiveCfg = Release|Any CPU
		{8295D8AD-22C2-4223-A851-8CA20094C06B}.AppStore|iPhoneSimulator.Build.0 = Release|Any CPU
		{8295D8AD-22C2-4223-A851-8CA20094C06B}.AppStore|iPhoneSimulator.Deploy.0 = Release|Any CPU
		{8295D8AD-22C2-4223-A851-8CA20094C06B}.AppStore|x64.ActiveCfg = Release|Any CPU
		{8295D8AD-22C2-4223-A851-8CA20094C06B}.AppStore|x64.Build.0 = Release|Any CPU
		{8295D8AD-22C2-4223-A851-8CA20094C06B}.AppStore|x64.Deploy.0 = Release|Any CPU
		{8295D8AD-22C2-4223-A851-8CA20094C06B}.AppStore|x86.ActiveCfg = Release|Any CPU
		{8295D8AD-22C2-4223-A851-8CA20094C06B}.AppStore|x86.Build.0 = Release|Any CPU
		{8295D8AD-22C2-4223-A851-8CA20094C06B}.AppStore|x86.Deploy.0 = Release|Any CPU
		{8295D8AD-22C2-4223-A851-8CA20094C06B}.Debug|Any CPU.ActiveCfg = Debug|Any CPU
		{8295D8AD-22C2-4223-A851-8CA20094C06B}.Debug|Any CPU.Build.0 = Debug|Any CPU
		{8295D8AD-22C2-4223-A851-8CA20094C06B}.Debug|Any CPU.Deploy.0 = Debug|Any CPU
		{8295D8AD-22C2-4223-A851-8CA20094C06B}.Debug|ARM.ActiveCfg = Debug|Any CPU
		{8295D8AD-22C2-4223-A851-8CA20094C06B}.Debug|ARM.Build.0 = Debug|Any CPU
		{8295D8AD-22C2-4223-A851-8CA20094C06B}.Debug|ARM.Deploy.0 = Debug|Any CPU
		{8295D8AD-22C2-4223-A851-8CA20094C06B}.Debug|iPhone.ActiveCfg = Debug|Any CPU
		{8295D8AD-22C2-4223-A851-8CA20094C06B}.Debug|iPhone.Build.0 = Debug|Any CPU
		{8295D8AD-22C2-4223-A851-8CA20094C06B}.Debug|iPhone.Deploy.0 = Debug|Any CPU
		{8295D8AD-22C2-4223-A851-8CA20094C06B}.Debug|iPhoneSimulator.ActiveCfg = Debug|Any CPU
		{8295D8AD-22C2-4223-A851-8CA20094C06B}.Debug|iPhoneSimulator.Build.0 = Debug|Any CPU
		{8295D8AD-22C2-4223-A851-8CA20094C06B}.Debug|iPhoneSimulator.Deploy.0 = Debug|Any CPU
		{8295D8AD-22C2-4223-A851-8CA20094C06B}.Debug|x64.ActiveCfg = Debug|Any CPU
		{8295D8AD-22C2-4223-A851-8CA20094C06B}.Debug|x64.Build.0 = Debug|Any CPU
		{8295D8AD-22C2-4223-A851-8CA20094C06B}.Debug|x64.Deploy.0 = Debug|Any CPU
		{8295D8AD-22C2-4223-A851-8CA20094C06B}.Debug|x86.ActiveCfg = Debug|Any CPU
		{8295D8AD-22C2-4223-A851-8CA20094C06B}.Debug|x86.Build.0 = Debug|Any CPU
		{8295D8AD-22C2-4223-A851-8CA20094C06B}.Debug|x86.Deploy.0 = Debug|Any CPU
		{8295D8AD-22C2-4223-A851-8CA20094C06B}.Release|Any CPU.ActiveCfg = Release|Any CPU
		{8295D8AD-22C2-4223-A851-8CA20094C06B}.Release|Any CPU.Build.0 = Release|Any CPU
		{8295D8AD-22C2-4223-A851-8CA20094C06B}.Release|Any CPU.Deploy.0 = Release|Any CPU
		{8295D8AD-22C2-4223-A851-8CA20094C06B}.Release|ARM.ActiveCfg = Release|Any CPU
		{8295D8AD-22C2-4223-A851-8CA20094C06B}.Release|ARM.Build.0 = Release|Any CPU
		{8295D8AD-22C2-4223-A851-8CA20094C06B}.Release|ARM.Deploy.0 = Release|Any CPU
		{8295D8AD-22C2-4223-A851-8CA20094C06B}.Release|iPhone.ActiveCfg = Release|Any CPU
		{8295D8AD-22C2-4223-A851-8CA20094C06B}.Release|iPhone.Build.0 = Release|Any CPU
		{8295D8AD-22C2-4223-A851-8CA20094C06B}.Release|iPhone.Deploy.0 = Release|Any CPU
		{8295D8AD-22C2-4223-A851-8CA20094C06B}.Release|iPhoneSimulator.ActiveCfg = Release|Any CPU
		{8295D8AD-22C2-4223-A851-8CA20094C06B}.Release|iPhoneSimulator.Build.0 = Release|Any CPU
		{8295D8AD-22C2-4223-A851-8CA20094C06B}.Release|iPhoneSimulator.Deploy.0 = Release|Any CPU
		{8295D8AD-22C2-4223-A851-8CA20094C06B}.Release|x64.ActiveCfg = Release|Any CPU
		{8295D8AD-22C2-4223-A851-8CA20094C06B}.Release|x64.Build.0 = Release|Any CPU
		{8295D8AD-22C2-4223-A851-8CA20094C06B}.Release|x64.Deploy.0 = Release|Any CPU
		{8295D8AD-22C2-4223-A851-8CA20094C06B}.Release|x86.ActiveCfg = Release|Any CPU
		{8295D8AD-22C2-4223-A851-8CA20094C06B}.Release|x86.Build.0 = Release|Any CPU
		{8295D8AD-22C2-4223-A851-8CA20094C06B}.Release|x86.Deploy.0 = Release|Any CPU
		{76DCDC2B-DD58-4D91-83A5-F61A71A06231}.Ad-Hoc|Any CPU.ActiveCfg = Ad-Hoc|iPhone
		{76DCDC2B-DD58-4D91-83A5-F61A71A06231}.Ad-Hoc|Any CPU.Build.0 = Ad-Hoc|iPhone
		{76DCDC2B-DD58-4D91-83A5-F61A71A06231}.Ad-Hoc|Any CPU.Deploy.0 = Ad-Hoc|iPhone
		{76DCDC2B-DD58-4D91-83A5-F61A71A06231}.Ad-Hoc|ARM.ActiveCfg = Ad-Hoc|iPhone
		{76DCDC2B-DD58-4D91-83A5-F61A71A06231}.Ad-Hoc|ARM.Build.0 = Ad-Hoc|iPhone
		{76DCDC2B-DD58-4D91-83A5-F61A71A06231}.Ad-Hoc|ARM.Deploy.0 = Ad-Hoc|iPhone
		{76DCDC2B-DD58-4D91-83A5-F61A71A06231}.Ad-Hoc|iPhone.ActiveCfg = Ad-Hoc|iPhone
		{76DCDC2B-DD58-4D91-83A5-F61A71A06231}.Ad-Hoc|iPhone.Build.0 = Ad-Hoc|iPhone
		{76DCDC2B-DD58-4D91-83A5-F61A71A06231}.Ad-Hoc|iPhone.Deploy.0 = Ad-Hoc|iPhone
		{76DCDC2B-DD58-4D91-83A5-F61A71A06231}.Ad-Hoc|iPhoneSimulator.ActiveCfg = Ad-Hoc|iPhoneSimulator
		{76DCDC2B-DD58-4D91-83A5-F61A71A06231}.Ad-Hoc|iPhoneSimulator.Build.0 = Ad-Hoc|iPhoneSimulator
		{76DCDC2B-DD58-4D91-83A5-F61A71A06231}.Ad-Hoc|iPhoneSimulator.Deploy.0 = Ad-Hoc|iPhoneSimulator
		{76DCDC2B-DD58-4D91-83A5-F61A71A06231}.Ad-Hoc|x64.ActiveCfg = Ad-Hoc|iPhone
		{76DCDC2B-DD58-4D91-83A5-F61A71A06231}.Ad-Hoc|x64.Build.0 = Ad-Hoc|iPhone
		{76DCDC2B-DD58-4D91-83A5-F61A71A06231}.Ad-Hoc|x64.Deploy.0 = Ad-Hoc|iPhone
		{76DCDC2B-DD58-4D91-83A5-F61A71A06231}.Ad-Hoc|x86.ActiveCfg = Ad-Hoc|iPhone
		{76DCDC2B-DD58-4D91-83A5-F61A71A06231}.Ad-Hoc|x86.Build.0 = Ad-Hoc|iPhone
		{76DCDC2B-DD58-4D91-83A5-F61A71A06231}.Ad-Hoc|x86.Deploy.0 = Ad-Hoc|iPhone
		{76DCDC2B-DD58-4D91-83A5-F61A71A06231}.AppStore|Any CPU.ActiveCfg = AppStore|iPhone
		{76DCDC2B-DD58-4D91-83A5-F61A71A06231}.AppStore|Any CPU.Build.0 = AppStore|iPhone
		{76DCDC2B-DD58-4D91-83A5-F61A71A06231}.AppStore|Any CPU.Deploy.0 = AppStore|iPhone
		{76DCDC2B-DD58-4D91-83A5-F61A71A06231}.AppStore|ARM.ActiveCfg = AppStore|iPhone
		{76DCDC2B-DD58-4D91-83A5-F61A71A06231}.AppStore|ARM.Build.0 = AppStore|iPhone
		{76DCDC2B-DD58-4D91-83A5-F61A71A06231}.AppStore|ARM.Deploy.0 = AppStore|iPhone
		{76DCDC2B-DD58-4D91-83A5-F61A71A06231}.AppStore|iPhone.ActiveCfg = AppStore|iPhone
		{76DCDC2B-DD58-4D91-83A5-F61A71A06231}.AppStore|iPhone.Build.0 = AppStore|iPhone
		{76DCDC2B-DD58-4D91-83A5-F61A71A06231}.AppStore|iPhone.Deploy.0 = AppStore|iPhone
		{76DCDC2B-DD58-4D91-83A5-F61A71A06231}.AppStore|iPhoneSimulator.ActiveCfg = AppStore|iPhoneSimulator
		{76DCDC2B-DD58-4D91-83A5-F61A71A06231}.AppStore|iPhoneSimulator.Build.0 = AppStore|iPhoneSimulator
		{76DCDC2B-DD58-4D91-83A5-F61A71A06231}.AppStore|iPhoneSimulator.Deploy.0 = AppStore|iPhoneSimulator
		{76DCDC2B-DD58-4D91-83A5-F61A71A06231}.AppStore|x64.ActiveCfg = AppStore|iPhone
		{76DCDC2B-DD58-4D91-83A5-F61A71A06231}.AppStore|x64.Build.0 = AppStore|iPhone
		{76DCDC2B-DD58-4D91-83A5-F61A71A06231}.AppStore|x64.Deploy.0 = AppStore|iPhone
		{76DCDC2B-DD58-4D91-83A5-F61A71A06231}.AppStore|x86.ActiveCfg = AppStore|iPhone
		{76DCDC2B-DD58-4D91-83A5-F61A71A06231}.AppStore|x86.Build.0 = AppStore|iPhone
		{76DCDC2B-DD58-4D91-83A5-F61A71A06231}.AppStore|x86.Deploy.0 = AppStore|iPhone
		{76DCDC2B-DD58-4D91-83A5-F61A71A06231}.Debug|Any CPU.ActiveCfg = Debug|iPhoneSimulator
		{76DCDC2B-DD58-4D91-83A5-F61A71A06231}.Debug|Any CPU.Build.0 = Debug|iPhoneSimulator
		{76DCDC2B-DD58-4D91-83A5-F61A71A06231}.Debug|Any CPU.Deploy.0 = Debug|iPhoneSimulator
		{76DCDC2B-DD58-4D91-83A5-F61A71A06231}.Debug|ARM.ActiveCfg = Debug|iPhone
		{76DCDC2B-DD58-4D91-83A5-F61A71A06231}.Debug|ARM.Build.0 = Debug|iPhone
		{76DCDC2B-DD58-4D91-83A5-F61A71A06231}.Debug|ARM.Deploy.0 = Debug|iPhone
		{76DCDC2B-DD58-4D91-83A5-F61A71A06231}.Debug|iPhone.ActiveCfg = Debug|iPhone
		{76DCDC2B-DD58-4D91-83A5-F61A71A06231}.Debug|iPhone.Build.0 = Debug|iPhone
		{76DCDC2B-DD58-4D91-83A5-F61A71A06231}.Debug|iPhone.Deploy.0 = Debug|iPhone
		{76DCDC2B-DD58-4D91-83A5-F61A71A06231}.Debug|iPhoneSimulator.ActiveCfg = Debug|iPhoneSimulator
		{76DCDC2B-DD58-4D91-83A5-F61A71A06231}.Debug|iPhoneSimulator.Build.0 = Debug|iPhoneSimulator
		{76DCDC2B-DD58-4D91-83A5-F61A71A06231}.Debug|iPhoneSimulator.Deploy.0 = Debug|iPhoneSimulator
		{76DCDC2B-DD58-4D91-83A5-F61A71A06231}.Debug|x64.ActiveCfg = Debug|iPhone
		{76DCDC2B-DD58-4D91-83A5-F61A71A06231}.Debug|x64.Build.0 = Debug|iPhone
		{76DCDC2B-DD58-4D91-83A5-F61A71A06231}.Debug|x64.Deploy.0 = Debug|iPhone
		{76DCDC2B-DD58-4D91-83A5-F61A71A06231}.Debug|x86.ActiveCfg = Debug|iPhone
		{76DCDC2B-DD58-4D91-83A5-F61A71A06231}.Debug|x86.Build.0 = Debug|iPhone
		{76DCDC2B-DD58-4D91-83A5-F61A71A06231}.Debug|x86.Deploy.0 = Debug|iPhone
		{76DCDC2B-DD58-4D91-83A5-F61A71A06231}.Release|Any CPU.ActiveCfg = Release|iPhone
		{76DCDC2B-DD58-4D91-83A5-F61A71A06231}.Release|Any CPU.Build.0 = Release|iPhone
		{76DCDC2B-DD58-4D91-83A5-F61A71A06231}.Release|Any CPU.Deploy.0 = Release|iPhone
		{76DCDC2B-DD58-4D91-83A5-F61A71A06231}.Release|ARM.ActiveCfg = Release|iPhone
		{76DCDC2B-DD58-4D91-83A5-F61A71A06231}.Release|ARM.Build.0 = Release|iPhone
		{76DCDC2B-DD58-4D91-83A5-F61A71A06231}.Release|ARM.Deploy.0 = Release|iPhone
		{76DCDC2B-DD58-4D91-83A5-F61A71A06231}.Release|iPhone.ActiveCfg = Release|iPhone
		{76DCDC2B-DD58-4D91-83A5-F61A71A06231}.Release|iPhone.Build.0 = Release|iPhone
		{76DCDC2B-DD58-4D91-83A5-F61A71A06231}.Release|iPhone.Deploy.0 = Release|iPhone
		{76DCDC2B-DD58-4D91-83A5-F61A71A06231}.Release|iPhoneSimulator.ActiveCfg = Release|iPhoneSimulator
		{76DCDC2B-DD58-4D91-83A5-F61A71A06231}.Release|iPhoneSimulator.Build.0 = Release|iPhoneSimulator
		{76DCDC2B-DD58-4D91-83A5-F61A71A06231}.Release|iPhoneSimulator.Deploy.0 = Release|iPhoneSimulator
		{76DCDC2B-DD58-4D91-83A5-F61A71A06231}.Release|x64.ActiveCfg = Release|iPhone
		{76DCDC2B-DD58-4D91-83A5-F61A71A06231}.Release|x64.Build.0 = Release|iPhone
		{76DCDC2B-DD58-4D91-83A5-F61A71A06231}.Release|x64.Deploy.0 = Release|iPhone
		{76DCDC2B-DD58-4D91-83A5-F61A71A06231}.Release|x86.ActiveCfg = Release|iPhone
		{76DCDC2B-DD58-4D91-83A5-F61A71A06231}.Release|x86.Build.0 = Release|iPhone
		{76DCDC2B-DD58-4D91-83A5-F61A71A06231}.Release|x86.Deploy.0 = Release|iPhone
		{BC831F65-5079-4E01-A6E9-A0C55ADD6870}.Ad-Hoc|Any CPU.ActiveCfg = Release|x86
		{BC831F65-5079-4E01-A6E9-A0C55ADD6870}.Ad-Hoc|Any CPU.Build.0 = Release|x86
		{BC831F65-5079-4E01-A6E9-A0C55ADD6870}.Ad-Hoc|Any CPU.Deploy.0 = Release|x86
		{BC831F65-5079-4E01-A6E9-A0C55ADD6870}.Ad-Hoc|ARM.ActiveCfg = Release|ARM
		{BC831F65-5079-4E01-A6E9-A0C55ADD6870}.Ad-Hoc|ARM.Build.0 = Release|ARM
		{BC831F65-5079-4E01-A6E9-A0C55ADD6870}.Ad-Hoc|ARM.Deploy.0 = Release|ARM
		{BC831F65-5079-4E01-A6E9-A0C55ADD6870}.Ad-Hoc|iPhone.ActiveCfg = Release|x86
		{BC831F65-5079-4E01-A6E9-A0C55ADD6870}.Ad-Hoc|iPhone.Build.0 = Release|x86
		{BC831F65-5079-4E01-A6E9-A0C55ADD6870}.Ad-Hoc|iPhone.Deploy.0 = Release|x86
		{BC831F65-5079-4E01-A6E9-A0C55ADD6870}.Ad-Hoc|iPhoneSimulator.ActiveCfg = Release|x86
		{BC831F65-5079-4E01-A6E9-A0C55ADD6870}.Ad-Hoc|iPhoneSimulator.Build.0 = Release|x86
		{BC831F65-5079-4E01-A6E9-A0C55ADD6870}.Ad-Hoc|iPhoneSimulator.Deploy.0 = Release|x86
		{BC831F65-5079-4E01-A6E9-A0C55ADD6870}.Ad-Hoc|x64.ActiveCfg = Release|x64
		{BC831F65-5079-4E01-A6E9-A0C55ADD6870}.Ad-Hoc|x64.Build.0 = Release|x64
		{BC831F65-5079-4E01-A6E9-A0C55ADD6870}.Ad-Hoc|x64.Deploy.0 = Release|x64
		{BC831F65-5079-4E01-A6E9-A0C55ADD6870}.Ad-Hoc|x86.ActiveCfg = Release|x86
		{BC831F65-5079-4E01-A6E9-A0C55ADD6870}.Ad-Hoc|x86.Build.0 = Release|x86
		{BC831F65-5079-4E01-A6E9-A0C55ADD6870}.Ad-Hoc|x86.Deploy.0 = Release|x86
		{BC831F65-5079-4E01-A6E9-A0C55ADD6870}.AppStore|Any CPU.ActiveCfg = Release|x86
		{BC831F65-5079-4E01-A6E9-A0C55ADD6870}.AppStore|Any CPU.Build.0 = Release|x86
		{BC831F65-5079-4E01-A6E9-A0C55ADD6870}.AppStore|Any CPU.Deploy.0 = Release|x86
		{BC831F65-5079-4E01-A6E9-A0C55ADD6870}.AppStore|ARM.ActiveCfg = Release|ARM
		{BC831F65-5079-4E01-A6E9-A0C55ADD6870}.AppStore|ARM.Build.0 = Release|ARM
		{BC831F65-5079-4E01-A6E9-A0C55ADD6870}.AppStore|ARM.Deploy.0 = Release|ARM
		{BC831F65-5079-4E01-A6E9-A0C55ADD6870}.AppStore|iPhone.ActiveCfg = Release|x86
		{BC831F65-5079-4E01-A6E9-A0C55ADD6870}.AppStore|iPhone.Build.0 = Release|x86
		{BC831F65-5079-4E01-A6E9-A0C55ADD6870}.AppStore|iPhone.Deploy.0 = Release|x86
		{BC831F65-5079-4E01-A6E9-A0C55ADD6870}.AppStore|iPhoneSimulator.ActiveCfg = Release|x86
		{BC831F65-5079-4E01-A6E9-A0C55ADD6870}.AppStore|iPhoneSimulator.Build.0 = Release|x86
		{BC831F65-5079-4E01-A6E9-A0C55ADD6870}.AppStore|iPhoneSimulator.Deploy.0 = Release|x86
		{BC831F65-5079-4E01-A6E9-A0C55ADD6870}.AppStore|x64.ActiveCfg = Release|x64
		{BC831F65-5079-4E01-A6E9-A0C55ADD6870}.AppStore|x64.Build.0 = Release|x64
		{BC831F65-5079-4E01-A6E9-A0C55ADD6870}.AppStore|x64.Deploy.0 = Release|x64
		{BC831F65-5079-4E01-A6E9-A0C55ADD6870}.AppStore|x86.ActiveCfg = Release|x86
		{BC831F65-5079-4E01-A6E9-A0C55ADD6870}.AppStore|x86.Build.0 = Release|x86
		{BC831F65-5079-4E01-A6E9-A0C55ADD6870}.AppStore|x86.Deploy.0 = Release|x86
		{BC831F65-5079-4E01-A6E9-A0C55ADD6870}.Debug|Any CPU.ActiveCfg = Debug|x86
		{BC831F65-5079-4E01-A6E9-A0C55ADD6870}.Debug|Any CPU.Build.0 = Debug|x86
		{BC831F65-5079-4E01-A6E9-A0C55ADD6870}.Debug|Any CPU.Deploy.0 = Debug|x86
		{BC831F65-5079-4E01-A6E9-A0C55ADD6870}.Debug|ARM.ActiveCfg = Debug|ARM
		{BC831F65-5079-4E01-A6E9-A0C55ADD6870}.Debug|ARM.Build.0 = Debug|ARM
		{BC831F65-5079-4E01-A6E9-A0C55ADD6870}.Debug|ARM.Deploy.0 = Debug|ARM
		{BC831F65-5079-4E01-A6E9-A0C55ADD6870}.Debug|iPhone.ActiveCfg = Debug|x86
		{BC831F65-5079-4E01-A6E9-A0C55ADD6870}.Debug|iPhone.Build.0 = Debug|x86
		{BC831F65-5079-4E01-A6E9-A0C55ADD6870}.Debug|iPhone.Deploy.0 = Debug|x86
		{BC831F65-5079-4E01-A6E9-A0C55ADD6870}.Debug|iPhoneSimulator.ActiveCfg = Debug|x86
		{BC831F65-5079-4E01-A6E9-A0C55ADD6870}.Debug|iPhoneSimulator.Build.0 = Debug|x86
		{BC831F65-5079-4E01-A6E9-A0C55ADD6870}.Debug|iPhoneSimulator.Deploy.0 = Debug|x86
		{BC831F65-5079-4E01-A6E9-A0C55ADD6870}.Debug|x64.ActiveCfg = Debug|x64
		{BC831F65-5079-4E01-A6E9-A0C55ADD6870}.Debug|x64.Build.0 = Debug|x64
		{BC831F65-5079-4E01-A6E9-A0C55ADD6870}.Debug|x64.Deploy.0 = Debug|x64
		{BC831F65-5079-4E01-A6E9-A0C55ADD6870}.Debug|x86.ActiveCfg = Debug|x86
		{BC831F65-5079-4E01-A6E9-A0C55ADD6870}.Debug|x86.Build.0 = Debug|x86
		{BC831F65-5079-4E01-A6E9-A0C55ADD6870}.Debug|x86.Deploy.0 = Debug|x86
		{BC831F65-5079-4E01-A6E9-A0C55ADD6870}.Release|Any CPU.ActiveCfg = Release|x86
		{BC831F65-5079-4E01-A6E9-A0C55ADD6870}.Release|Any CPU.Build.0 = Release|x86
		{BC831F65-5079-4E01-A6E9-A0C55ADD6870}.Release|Any CPU.Deploy.0 = Release|x86
		{BC831F65-5079-4E01-A6E9-A0C55ADD6870}.Release|ARM.ActiveCfg = Release|ARM
		{BC831F65-5079-4E01-A6E9-A0C55ADD6870}.Release|ARM.Build.0 = Release|ARM
		{BC831F65-5079-4E01-A6E9-A0C55ADD6870}.Release|ARM.Deploy.0 = Release|ARM
		{BC831F65-5079-4E01-A6E9-A0C55ADD6870}.Release|iPhone.ActiveCfg = Release|x86
		{BC831F65-5079-4E01-A6E9-A0C55ADD6870}.Release|iPhone.Build.0 = Release|x86
		{BC831F65-5079-4E01-A6E9-A0C55ADD6870}.Release|iPhone.Deploy.0 = Release|x86
		{BC831F65-5079-4E01-A6E9-A0C55ADD6870}.Release|iPhoneSimulator.ActiveCfg = Release|x86
		{BC831F65-5079-4E01-A6E9-A0C55ADD6870}.Release|iPhoneSimulator.Build.0 = Release|x86
		{BC831F65-5079-4E01-A6E9-A0C55ADD6870}.Release|iPhoneSimulator.Deploy.0 = Release|x86
		{BC831F65-5079-4E01-A6E9-A0C55ADD6870}.Release|x64.ActiveCfg = Release|x64
		{BC831F65-5079-4E01-A6E9-A0C55ADD6870}.Release|x64.Build.0 = Release|x64
		{BC831F65-5079-4E01-A6E9-A0C55ADD6870}.Release|x64.Deploy.0 = Release|x64
		{BC831F65-5079-4E01-A6E9-A0C55ADD6870}.Release|x86.ActiveCfg = Release|x86
		{BC831F65-5079-4E01-A6E9-A0C55ADD6870}.Release|x86.Build.0 = Release|x86
		{BC831F65-5079-4E01-A6E9-A0C55ADD6870}.Release|x86.Deploy.0 = Release|x86
		{C0704528-A711-4B63-B264-3C1E999D9978}.Ad-Hoc|Any CPU.ActiveCfg = Debug|Any CPU
		{C0704528-A711-4B63-B264-3C1E999D9978}.Ad-Hoc|Any CPU.Build.0 = Debug|Any CPU
		{C0704528-A711-4B63-B264-3C1E999D9978}.Ad-Hoc|Any CPU.Deploy.0 = Debug|Any CPU
		{C0704528-A711-4B63-B264-3C1E999D9978}.Ad-Hoc|ARM.ActiveCfg = Debug|Any CPU
		{C0704528-A711-4B63-B264-3C1E999D9978}.Ad-Hoc|ARM.Build.0 = Debug|Any CPU
		{C0704528-A711-4B63-B264-3C1E999D9978}.Ad-Hoc|ARM.Deploy.0 = Debug|Any CPU
		{C0704528-A711-4B63-B264-3C1E999D9978}.Ad-Hoc|iPhone.ActiveCfg = Debug|Any CPU
		{C0704528-A711-4B63-B264-3C1E999D9978}.Ad-Hoc|iPhone.Build.0 = Debug|Any CPU
		{C0704528-A711-4B63-B264-3C1E999D9978}.Ad-Hoc|iPhone.Deploy.0 = Debug|Any CPU
		{C0704528-A711-4B63-B264-3C1E999D9978}.Ad-Hoc|iPhoneSimulator.ActiveCfg = Debug|Any CPU
		{C0704528-A711-4B63-B264-3C1E999D9978}.Ad-Hoc|iPhoneSimulator.Build.0 = Debug|Any CPU
		{C0704528-A711-4B63-B264-3C1E999D9978}.Ad-Hoc|iPhoneSimulator.Deploy.0 = Debug|Any CPU
		{C0704528-A711-4B63-B264-3C1E999D9978}.Ad-Hoc|x64.ActiveCfg = Debug|Any CPU
		{C0704528-A711-4B63-B264-3C1E999D9978}.Ad-Hoc|x64.Build.0 = Debug|Any CPU
		{C0704528-A711-4B63-B264-3C1E999D9978}.Ad-Hoc|x64.Deploy.0 = Debug|Any CPU
		{C0704528-A711-4B63-B264-3C1E999D9978}.Ad-Hoc|x86.ActiveCfg = Debug|Any CPU
		{C0704528-A711-4B63-B264-3C1E999D9978}.Ad-Hoc|x86.Build.0 = Debug|Any CPU
		{C0704528-A711-4B63-B264-3C1E999D9978}.Ad-Hoc|x86.Deploy.0 = Debug|Any CPU
		{C0704528-A711-4B63-B264-3C1E999D9978}.AppStore|Any CPU.ActiveCfg = Debug|Any CPU
		{C0704528-A711-4B63-B264-3C1E999D9978}.AppStore|Any CPU.Build.0 = Debug|Any CPU
		{C0704528-A711-4B63-B264-3C1E999D9978}.AppStore|Any CPU.Deploy.0 = Debug|Any CPU
		{C0704528-A711-4B63-B264-3C1E999D9978}.AppStore|ARM.ActiveCfg = Debug|Any CPU
		{C0704528-A711-4B63-B264-3C1E999D9978}.AppStore|ARM.Build.0 = Debug|Any CPU
		{C0704528-A711-4B63-B264-3C1E999D9978}.AppStore|ARM.Deploy.0 = Debug|Any CPU
		{C0704528-A711-4B63-B264-3C1E999D9978}.AppStore|iPhone.ActiveCfg = Debug|Any CPU
		{C0704528-A711-4B63-B264-3C1E999D9978}.AppStore|iPhone.Build.0 = Debug|Any CPU
		{C0704528-A711-4B63-B264-3C1E999D9978}.AppStore|iPhone.Deploy.0 = Debug|Any CPU
		{C0704528-A711-4B63-B264-3C1E999D9978}.AppStore|iPhoneSimulator.ActiveCfg = Debug|Any CPU
		{C0704528-A711-4B63-B264-3C1E999D9978}.AppStore|iPhoneSimulator.Build.0 = Debug|Any CPU
		{C0704528-A711-4B63-B264-3C1E999D9978}.AppStore|iPhoneSimulator.Deploy.0 = Debug|Any CPU
		{C0704528-A711-4B63-B264-3C1E999D9978}.AppStore|x64.ActiveCfg = Debug|Any CPU
		{C0704528-A711-4B63-B264-3C1E999D9978}.AppStore|x64.Build.0 = Debug|Any CPU
		{C0704528-A711-4B63-B264-3C1E999D9978}.AppStore|x64.Deploy.0 = Debug|Any CPU
		{C0704528-A711-4B63-B264-3C1E999D9978}.AppStore|x86.ActiveCfg = Debug|Any CPU
		{C0704528-A711-4B63-B264-3C1E999D9978}.AppStore|x86.Build.0 = Debug|Any CPU
		{C0704528-A711-4B63-B264-3C1E999D9978}.AppStore|x86.Deploy.0 = Debug|Any CPU
		{C0704528-A711-4B63-B264-3C1E999D9978}.Debug|Any CPU.ActiveCfg = Debug|Any CPU
		{C0704528-A711-4B63-B264-3C1E999D9978}.Debug|Any CPU.Build.0 = Debug|Any CPU
		{C0704528-A711-4B63-B264-3C1E999D9978}.Debug|Any CPU.Deploy.0 = Debug|Any CPU
		{C0704528-A711-4B63-B264-3C1E999D9978}.Debug|ARM.ActiveCfg = Debug|Any CPU
		{C0704528-A711-4B63-B264-3C1E999D9978}.Debug|ARM.Build.0 = Debug|Any CPU
		{C0704528-A711-4B63-B264-3C1E999D9978}.Debug|ARM.Deploy.0 = Debug|Any CPU
		{C0704528-A711-4B63-B264-3C1E999D9978}.Debug|iPhone.ActiveCfg = Debug|Any CPU
		{C0704528-A711-4B63-B264-3C1E999D9978}.Debug|iPhone.Build.0 = Debug|Any CPU
		{C0704528-A711-4B63-B264-3C1E999D9978}.Debug|iPhone.Deploy.0 = Debug|Any CPU
		{C0704528-A711-4B63-B264-3C1E999D9978}.Debug|iPhoneSimulator.ActiveCfg = Debug|Any CPU
		{C0704528-A711-4B63-B264-3C1E999D9978}.Debug|iPhoneSimulator.Build.0 = Debug|Any CPU
		{C0704528-A711-4B63-B264-3C1E999D9978}.Debug|iPhoneSimulator.Deploy.0 = Debug|Any CPU
		{C0704528-A711-4B63-B264-3C1E999D9978}.Debug|x64.ActiveCfg = Debug|Any CPU
		{C0704528-A711-4B63-B264-3C1E999D9978}.Debug|x64.Build.0 = Debug|Any CPU
		{C0704528-A711-4B63-B264-3C1E999D9978}.Debug|x64.Deploy.0 = Debug|Any CPU
		{C0704528-A711-4B63-B264-3C1E999D9978}.Debug|x86.ActiveCfg = Debug|Any CPU
		{C0704528-A711-4B63-B264-3C1E999D9978}.Debug|x86.Build.0 = Debug|Any CPU
		{C0704528-A711-4B63-B264-3C1E999D9978}.Debug|x86.Deploy.0 = Debug|Any CPU
		{C0704528-A711-4B63-B264-3C1E999D9978}.Release|Any CPU.ActiveCfg = Release|Any CPU
		{C0704528-A711-4B63-B264-3C1E999D9978}.Release|Any CPU.Build.0 = Release|Any CPU
		{C0704528-A711-4B63-B264-3C1E999D9978}.Release|Any CPU.Deploy.0 = Release|Any CPU
		{C0704528-A711-4B63-B264-3C1E999D9978}.Release|ARM.ActiveCfg = Release|Any CPU
		{C0704528-A711-4B63-B264-3C1E999D9978}.Release|ARM.Build.0 = Release|Any CPU
		{C0704528-A711-4B63-B264-3C1E999D9978}.Release|ARM.Deploy.0 = Release|Any CPU
		{C0704528-A711-4B63-B264-3C1E999D9978}.Release|iPhone.ActiveCfg = Release|Any CPU
		{C0704528-A711-4B63-B264-3C1E999D9978}.Release|iPhone.Build.0 = Release|Any CPU
		{C0704528-A711-4B63-B264-3C1E999D9978}.Release|iPhone.Deploy.0 = Release|Any CPU
		{C0704528-A711-4B63-B264-3C1E999D9978}.Release|iPhoneSimulator.ActiveCfg = Release|Any CPU
		{C0704528-A711-4B63-B264-3C1E999D9978}.Release|iPhoneSimulator.Build.0 = Release|Any CPU
		{C0704528-A711-4B63-B264-3C1E999D9978}.Release|iPhoneSimulator.Deploy.0 = Release|Any CPU
		{C0704528-A711-4B63-B264-3C1E999D9978}.Release|x64.ActiveCfg = Release|Any CPU
		{C0704528-A711-4B63-B264-3C1E999D9978}.Release|x64.Build.0 = Release|Any CPU
		{C0704528-A711-4B63-B264-3C1E999D9978}.Release|x64.Deploy.0 = Release|Any CPU
		{C0704528-A711-4B63-B264-3C1E999D9978}.Release|x86.ActiveCfg = Release|Any CPU
		{C0704528-A711-4B63-B264-3C1E999D9978}.Release|x86.Build.0 = Release|Any CPU
		{C0704528-A711-4B63-B264-3C1E999D9978}.Release|x86.Deploy.0 = Release|Any CPU
	EndGlobalSection
	GlobalSection(SolutionProperties) = preSolution
		HideSolutionNode = FALSE
	EndGlobalSection
	GlobalSection(ExtensibilityGlobals) = postSolution
		SolutionGuid = {CD056AF1-8F66-4F5D-9C88-773D37F66657}
	EndGlobalSection
EndGlobal
